
Microsoft Visual Studio Solution File, Format Version 12.00
# Visual Studio Version 17
VisualStudioVersion = 17.3.32922.545
MinimumVisualStudioVersion = 10.0.40219.1
Project("{FAE04EC0-301F-11D3-BF4B-00C04F79EFBC}") = "MyGridBot", "MyGridBot\MyGridBot.csproj", "{67D68249-4CCC-4D91-BC22-30D8EE0F46AE}"
EndProject
Global
	GlobalSection(SolutionConfigurationPlatforms) = preSolution
		Debug|Any CPU = Debug|Any CPU
		Release|Any CPU = Release|Any CPU
	EndGlobalSection
	GlobalSection(ProjectConfigurationPlatforms) = postSolution
		{67D68249-4CCC-4D91-BC22-30D8EE0F46AE}.Debug|Any CPU.ActiveCfg = Debug|Any CPU
		{67D68249-4CCC-4D91-BC22-30D8EE0F46AE}.Debug|Any CPU.Build.0 = Debug|Any CPU
		{67D68249-4CCC-4D91-BC22-30D8EE0F46AE}.Release|Any CPU.ActiveCfg = Release|Any CPU
		{67D68249-4CCC-4D91-BC22-30D8EE0F46AE}.Release|Any CPU.Build.0 = Release|Any CPU
	EndGlobalSection
	GlobalSection(SolutionProperties) = preSolution
		HideSolutionNode = FALSE
	EndGlobalSection
	GlobalSection(ExtensibilityGlobals) = postSolution
		SolutionGuid = {122EA729-AC81-4952-ADF4-CA653E4FB087}
	EndGlobalSection
EndGlobal
